
Microsoft Visual Studio Solution File, Format Version 12.00
# Visual Studio Version 17
VisualStudioVersion = 17.7.34024.191
MinimumVisualStudioVersion = 10.0.40219.1
Project("{FAE04EC0-301F-11D3-BF4B-00C04F79EFBC}") = "Remember-Password.UWP", "Remember-Password.UWP\Remember-Password.UWP.csproj", "{EBA3E85B-3B14-4215-979C-014C40C5F5B4}"
EndProject
Project("{FAE04EC0-301F-11D3-BF4B-00C04F79EFBC}") = "Remember-Password.Android", "Remember-Password.Android\Remember-Password.Android.csproj", "{AA6318E0-889B-4B02-960F-50DD7D10D74A}"
EndProject
Project("{FAE04EC0-301F-11D3-BF4B-00C04F79EFBC}") = "Remember-Password.iOS", "Remember-Password.iOS\Remember-Password.iOS.csproj", "{928A36D9-4F12-4DDD-A2AD-DEEB28A56455}"
EndProject
Project("{FAE04EC0-301F-11D3-BF4B-00C04F79EFBC}") = "Remember-Password", "Remember-Password\Remember-Password.csproj", "{19A421CC-1F41-468B-BCC5-9D2D6DF02378}"
EndProject
Global
	GlobalSection(SolutionConfigurationPlatforms) = preSolution
		Debug|Any CPU = Debug|Any CPU
		Debug|ARM = Debug|ARM
		Debug|iPhone = Debug|iPhone
		Debug|iPhoneSimulator = Debug|iPhoneSimulator
		Debug|x64 = Debug|x64
		Debug|x86 = Debug|x86
		Release|Any CPU = Release|Any CPU
		Release|ARM = Release|ARM
		Release|iPhone = Release|iPhone
		Release|iPhoneSimulator = Release|iPhoneSimulator
		Release|x64 = Release|x64
		Release|x86 = Release|x86
	EndGlobalSection
	GlobalSection(ProjectConfigurationPlatforms) = postSolution
		{EBA3E85B-3B14-4215-979C-014C40C5F5B4}.Debug|Any CPU.ActiveCfg = Debug|x64
		{EBA3E85B-3B14-4215-979C-014C40C5F5B4}.Debug|Any CPU.Build.0 = Debug|x64
		{EBA3E85B-3B14-4215-979C-014C40C5F5B4}.Debug|Any CPU.Deploy.0 = Debug|x64
		{EBA3E85B-3B14-4215-979C-014C40C5F5B4}.Debug|ARM.ActiveCfg = Debug|ARM
		{EBA3E85B-3B14-4215-979C-014C40C5F5B4}.Debug|ARM.Build.0 = Debug|ARM
		{EBA3E85B-3B14-4215-979C-014C40C5F5B4}.Debug|ARM.Deploy.0 = Debug|ARM
		{EBA3E85B-3B14-4215-979C-014C40C5F5B4}.Debug|iPhone.ActiveCfg = Debug|x64
		{EBA3E85B-3B14-4215-979C-014C40C5F5B4}.Debug|iPhone.Build.0 = Debug|x64
		{EBA3E85B-3B14-4215-979C-014C40C5F5B4}.Debug|iPhone.Deploy.0 = Debug|x64
		{EBA3E85B-3B14-4215-979C-014C40C5F5B4}.Debug|iPhoneSimulator.ActiveCfg = Debug|x64
		{EBA3E85B-3B14-4215-979C-014C40C5F5B4}.Debug|iPhoneSimulator.Build.0 = Debug|x64
		{EBA3E85B-3B14-4215-979C-014C40C5F5B4}.Debug|iPhoneSimulator.Deploy.0 = Debug|x64
		{EBA3E85B-3B14-4215-979C-014C40C5F5B4}.Debug|x64.ActiveCfg = Debug|x64
		{EBA3E85B-3B14-4215-979C-014C40C5F5B4}.Debug|x64.Build.0 = Debug|x64
		{EBA3E85B-3B14-4215-979C-014C40C5F5B4}.Debug|x64.Deploy.0 = Debug|x64
		{EBA3E85B-3B14-4215-979C-014C40C5F5B4}.Debug|x86.ActiveCfg = Debug|x86
		{EBA3E85B-3B14-4215-979C-014C40C5F5B4}.Debug|x86.Build.0 = Debug|x86
		{EBA3E85B-3B14-4215-979C-014C40C5F5B4}.Debug|x86.Deploy.0 = Debug|x86
		{EBA3E85B-3B14-4215-979C-014C40C5F5B4}.Release|Any CPU.ActiveCfg = Release|x64
		{EBA3E85B-3B14-4215-979C-014C40C5F5B4}.Release|Any CPU.Build.0 = Release|x64
		{EBA3E85B-3B14-4215-979C-014C40C5F5B4}.Release|Any CPU.Deploy.0 = Release|x64
		{EBA3E85B-3B14-4215-979C-014C40C5F5B4}.Release|ARM.ActiveCfg = Release|ARM
		{EBA3E85B-3B14-4215-979C-014C40C5F5B4}.Release|ARM.Build.0 = Release|ARM
		{EBA3E85B-3B14-4215-979C-014C40C5F5B4}.Release|ARM.Deploy.0 = Release|ARM
		{EBA3E85B-3B14-4215-979C-014C40C5F5B4}.Release|iPhone.ActiveCfg = Release|x64
		{EBA3E85B-3B14-4215-979C-014C40C5F5B4}.Release|iPhone.Build.0 = Release|x64
		{EBA3E85B-3B14-4215-979C-014C40C5F5B4}.Release|iPhone.Deploy.0 = Release|x64
		{EBA3E85B-3B14-4215-979C-014C40C5F5B4}.Release|iPhoneSimulator.ActiveCfg = Release|x64
		{EBA3E85B-3B14-4215-979C-014C40C5F5B4}.Release|iPhoneSimulator.Build.0 = Release|x64
		{EBA3E85B-3B14-4215-979C-014C40C5F5B4}.Release|iPhoneSimulator.Deploy.0 = Release|x64
		{EBA3E85B-3B14-4215-979C-014C40C5F5B4}.Release|x64.ActiveCfg = Release|x64
		{EBA3E85B-3B14-4215-979C-014C40C5F5B4}.Release|x64.Build.0 = Release|x64
		{EBA3E85B-3B14-4215-979C-014C40C5F5B4}.Release|x64.Deploy.0 = Release|x64
		{EBA3E85B-3B14-4215-979C-014C40C5F5B4}.Release|x86.ActiveCfg = Release|x86
		{EBA3E85B-3B14-4215-979C-014C40C5F5B4}.Release|x86.Build.0 = Release|x86
		{EBA3E85B-3B14-4215-979C-014C40C5F5B4}.Release|x86.Deploy.0 = Release|x86
		{AA6318E0-889B-4B02-960F-50DD7D10D74A}.Debug|Any CPU.ActiveCfg = Debug|Any CPU
		{AA6318E0-889B-4B02-960F-50DD7D10D74A}.Debug|Any CPU.Build.0 = Debug|Any CPU
		{AA6318E0-889B-4B02-960F-50DD7D10D74A}.Debug|Any CPU.Deploy.0 = Debug|Any CPU
		{AA6318E0-889B-4B02-960F-50DD7D10D74A}.Debug|ARM.ActiveCfg = Debug|Any CPU
		{AA6318E0-889B-4B02-960F-50DD7D10D74A}.Debug|ARM.Build.0 = Debug|Any CPU
		{AA6318E0-889B-4B02-960F-50DD7D10D74A}.Debug|ARM.Deploy.0 = Debug|Any CPU
		{AA6318E0-889B-4B02-960F-50DD7D10D74A}.Debug|iPhone.ActiveCfg = Debug|Any CPU
		{AA6318E0-889B-4B02-960F-50DD7D10D74A}.Debug|iPhone.Build.0 = Debug|Any CPU
		{AA6318E0-889B-4B02-960F-50DD7D10D74A}.Debug|iPhone.Deploy.0 = Debug|Any CPU
		{AA6318E0-889B-4B02-960F-50DD7D10D74A}.Debug|iPhoneSimulator.ActiveCfg = Debug|Any CPU
		{AA6318E0-889B-4B02-960F-50DD7D10D74A}.Debug|iPhoneSimulator.Build.0 = Debug|Any CPU
		{AA6318E0-889B-4B02-960F-50DD7D10D74A}.Debug|iPhoneSimulator.Deploy.0 = Debug|Any CPU
		{AA6318E0-889B-4B02-960F-50DD7D10D74A}.Debug|x64.ActiveCfg = Debug|Any CPU
		{AA6318E0-889B-4B02-960F-50DD7D10D74A}.Debug|x64.Build.0 = Debug|Any CPU
		{AA6318E0-889B-4B02-960F-50DD7D10D74A}.Debug|x64.Deploy.0 = Debug|Any CPU
		{AA6318E0-889B-4B02-960F-50DD7D10D74A}.Debug|x86.ActiveCfg = Debug|Any CPU
		{AA6318E0-889B-4B02-960F-50DD7D10D74A}.Debug|x86.Build.0 = Debug|Any CPU
		{AA6318E0-889B-4B02-960F-50DD7D10D74A}.Debug|x86.Deploy.0 = Debug|Any CPU
		{AA6318E0-889B-4B02-960F-50DD7D10D74A}.Release|Any CPU.ActiveCfg = Release|Any CPU
		{AA6318E0-889B-4B02-960F-50DD7D10D74A}.Release|Any CPU.Build.0 = Release|Any CPU
		{AA6318E0-889B-4B02-960F-50DD7D10D74A}.Release|Any CPU.Deploy.0 = Release|Any CPU
		{AA6318E0-889B-4B02-960F-50DD7D10D74A}.Release|ARM.ActiveCfg = Release|Any CPU
		{AA6318E0-889B-4B02-960F-50DD7D10D74A}.Release|ARM.Build.0 = Release|Any CPU
		{AA6318E0-889B-4B02-960F-50DD7D10D74A}.Release|ARM.Deploy.0 = Release|Any CPU
		{AA6318E0-889B-4B02-960F-50DD7D10D74A}.Release|iPhone.ActiveCfg = Release|Any CPU
		{AA6318E0-889B-4B02-960F-50DD7D10D74A}.Release|iPhone.Build.0 = Release|Any CPU
		{AA6318E0-889B-4B02-960F-50DD7D10D74A}.Release|iPhone.Deploy.0 = Release|Any CPU
		{AA6318E0-889B-4B02-960F-50DD7D10D74A}.Release|iPhoneSimulator.ActiveCfg = Release|Any CPU
		{AA6318E0-889B-4B02-960F-50DD7D10D74A}.Release|iPhoneSimulator.Build.0 = Release|Any CPU
		{AA6318E0-889B-4B02-960F-50DD7D10D74A}.Release|iPhoneSimulator.Deploy.0 = Release|Any CPU
		{AA6318E0-889B-4B02-960F-50DD7D10D74A}.Release|x64.ActiveCfg = Release|Any CPU
		{AA6318E0-889B-4B02-960F-50DD7D10D74A}.Release|x64.Build.0 = Release|Any CPU
		{AA6318E0-889B-4B02-960F-50DD7D10D74A}.Release|x64.Deploy.0 = Release|Any CPU
		{AA6318E0-889B-4B02-960F-50DD7D10D74A}.Release|x86.ActiveCfg = Release|Any CPU
		{AA6318E0-889B-4B02-960F-50DD7D10D74A}.Release|x86.Build.0 = Release|Any CPU
		{AA6318E0-889B-4B02-960F-50DD7D10D74A}.Release|x86.Deploy.0 = Release|Any CPU
		{928A36D9-4F12-4DDD-A2AD-DEEB28A56455}.Debug|Any CPU.ActiveCfg = Debug|iPhoneSimulator
		{928A36D9-4F12-4DDD-A2AD-DEEB28A56455}.Debug|Any CPU.Build.0 = Debug|iPhoneSimulator
		{928A36D9-4F12-4DDD-A2AD-DEEB28A56455}.Debug|Any CPU.Deploy.0 = Debug|iPhoneSimulator
		{928A36D9-4F12-4DDD-A2AD-DEEB28A56455}.Debug|ARM.ActiveCfg = Debug|iPhoneSimulator
		{928A36D9-4F12-4DDD-A2AD-DEEB28A56455}.Debug|ARM.Build.0 = Debug|iPhoneSimulator
		{928A36D9-4F12-4DDD-A2AD-DEEB28A56455}.Debug|ARM.Deploy.0 = Debug|iPhoneSimulator
		{928A36D9-4F12-4DDD-A2AD-DEEB28A56455}.Debug|iPhone.ActiveCfg = Debug|iPhone
		{928A36D9-4F12-4DDD-A2AD-DEEB28A56455}.Debug|iPhone.Build.0 = Debug|iPhone
		{928A36D9-4F12-4DDD-A2AD-DEEB28A56455}.Debug|iPhone.Deploy.0 = Debug|iPhone
		{928A36D9-4F12-4DDD-A2AD-DEEB28A56455}.Debug|iPhoneSimulator.ActiveCfg = Debug|iPhoneSimulator
		{928A36D9-4F12-4DDD-A2AD-DEEB28A56455}.Debug|iPhoneSimulator.Build.0 = Debug|iPhoneSimulator
		{928A36D9-4F12-4DDD-A2AD-DEEB28A56455}.Debug|iPhoneSimulator.Deploy.0 = Debug|iPhoneSimulator
		{928A36D9-4F12-4DDD-A2AD-DEEB28A56455}.Debug|x64.ActiveCfg = Debug|iPhone
		{928A36D9-4F12-4DDD-A2AD-DEEB28A56455}.Debug|x64.Build.0 = Debug|iPhone
		{928A36D9-4F12-4DDD-A2AD-DEEB28A56455}.Debug|x64.Deploy.0 = Debug|iPhone
		{928A36D9-4F12-4DDD-A2AD-DEEB28A56455}.Debug|x86.ActiveCfg = Debug|iPhoneSimulator
		{928A36D9-4F12-4DDD-A2AD-DEEB28A56455}.Debug|x86.Build.0 = Debug|iPhoneSimulator
		{928A36D9-4F12-4DDD-A2AD-DEEB28A56455}.Debug|x86.Deploy.0 = Debug|iPhoneSimulator
		{928A36D9-4F12-4DDD-A2AD-DEEB28A56455}.Release|Any CPU.ActiveCfg = Release|iPhoneSimulator
		{928A36D9-4F12-4DDD-A2AD-DEEB28A56455}.Release|Any CPU.Build.0 = Release|iPhoneSimulator
		{928A36D9-4F12-4DDD-A2AD-DEEB28A56455}.Release|Any CPU.Deploy.0 = Release|iPhoneSimulator
		{928A36D9-4F12-4DDD-A2AD-DEEB28A56455}.Release|ARM.ActiveCfg = Release|iPhoneSimulator
		{928A36D9-4F12-4DDD-A2AD-DEEB28A56455}.Release|ARM.Build.0 = Release|iPhoneSimulator
		{928A36D9-4F12-4DDD-A2AD-DEEB28A56455}.Release|ARM.Deploy.0 = Release|iPhoneSimulator
		{928A36D9-4F12-4DDD-A2AD-DEEB28A56455}.Release|iPhone.ActiveCfg = Release|iPhone
		{928A36D9-4F12-4DDD-A2AD-DEEB28A56455}.Release|iPhone.Build.0 = Release|iPhone
		{928A36D9-4F12-4DDD-A2AD-DEEB28A56455}.Release|iPhone.Deploy.0 = Release|iPhone
		{928A36D9-4F12-4DDD-A2AD-DEEB28A56455}.Release|iPhoneSimulator.ActiveCfg = Release|iPhoneSimulator
		{928A36D9-4F12-4DDD-A2AD-DEEB28A56455}.Release|iPhoneSimulator.Build.0 = Release|iPhoneSimulator
		{928A36D9-4F12-4DDD-A2AD-DEEB28A56455}.Release|iPhoneSimulator.Deploy.0 = Release|iPhoneSimulator
		{928A36D9-4F12-4DDD-A2AD-DEEB28A56455}.Release|x64.ActiveCfg = Release|iPhoneSimulator
		{928A36D9-4F12-4DDD-A2AD-DEEB28A56455}.Release|x64.Build.0 = Release|iPhoneSimulator
		{928A36D9-4F12-4DDD-A2AD-DEEB28A56455}.Release|x64.Deploy.0 = Release|iPhoneSimulator
		{928A36D9-4F12-4DDD-A2AD-DEEB28A56455}.Release|x86.ActiveCfg = Release|iPhoneSimulator
		{928A36D9-4F12-4DDD-A2AD-DEEB28A56455}.Release|x86.Build.0 = Release|iPhoneSimulator
		{928A36D9-4F12-4DDD-A2AD-DEEB28A56455}.Release|x86.Deploy.0 = Release|iPhoneSimulator
		{19A421CC-1F41-468B-BCC5-9D2D6DF02378}.Debug|Any CPU.ActiveCfg = Debug|Any CPU
		{19A421CC-1F41-468B-BCC5-9D2D6DF02378}.Debug|Any CPU.Build.0 = Debug|Any CPU
		{19A421CC-1F41-468B-BCC5-9D2D6DF02378}.Debug|Any CPU.Deploy.0 = Debug|Any CPU
		{19A421CC-1F41-468B-BCC5-9D2D6DF02378}.Debug|ARM.ActiveCfg = Debug|Any CPU
		{19A421CC-1F41-468B-BCC5-9D2D6DF02378}.Debug|ARM.Build.0 = Debug|Any CPU
		{19A421CC-1F41-468B-BCC5-9D2D6DF02378}.Debug|ARM.Deploy.0 = Debug|Any CPU
		{19A421CC-1F41-468B-BCC5-9D2D6DF02378}.Debug|iPhone.ActiveCfg = Debug|Any CPU
		{19A421CC-1F41-468B-BCC5-9D2D6DF02378}.Debug|iPhone.Build.0 = Debug|Any CPU
		{19A421CC-1F41-468B-BCC5-9D2D6DF02378}.Debug|iPhone.Deploy.0 = Debug|Any CPU
		{19A421CC-1F41-468B-BCC5-9D2D6DF02378}.Debug|iPhoneSimulator.ActiveCfg = Debug|Any CPU
		{19A421CC-1F41-468B-BCC5-9D2D6DF02378}.Debug|iPhoneSimulator.Build.0 = Debug|Any CPU
		{19A421CC-1F41-468B-BCC5-9D2D6DF02378}.Debug|iPhoneSimulator.Deploy.0 = Debug|Any CPU
		{19A421CC-1F41-468B-BCC5-9D2D6DF02378}.Debug|x64.ActiveCfg = Debug|Any CPU
		{19A421CC-1F41-468B-BCC5-9D2D6DF02378}.Debug|x64.Build.0 = Debug|Any CPU
		{19A421CC-1F41-468B-BCC5-9D2D6DF02378}.Debug|x64.Deploy.0 = Debug|Any CPU
		{19A421CC-1F41-468B-BCC5-9D2D6DF02378}.Debug|x86.ActiveCfg = Debug|Any CPU
		{19A421CC-1F41-468B-BCC5-9D2D6DF02378}.Debug|x86.Build.0 = Debug|Any CPU
		{19A421CC-1F41-468B-BCC5-9D2D6DF02378}.Debug|x86.Deploy.0 = Debug|Any CPU
		{19A421CC-1F41-468B-BCC5-9D2D6DF02378}.Release|Any CPU.ActiveCfg = Release|Any CPU
		{19A421CC-1F41-468B-BCC5-9D2D6DF02378}.Release|Any CPU.Build.0 = Release|Any CPU
		{19A421CC-1F41-468B-BCC5-9D2D6DF02378}.Release|Any CPU.Deploy.0 = Release|Any CPU
		{19A421CC-1F41-468B-BCC5-9D2D6DF02378}.Release|ARM.ActiveCfg = Release|Any CPU
		{19A421CC-1F41-468B-BCC5-9D2D6DF02378}.Release|ARM.Build.0 = Release|Any CPU
		{19A421CC-1F41-468B-BCC5-9D2D6DF02378}.Release|ARM.Deploy.0 = Release|Any CPU
		{19A421CC-1F41-468B-BCC5-9D2D6DF02378}.Release|iPhone.ActiveCfg = Release|Any CPU
		{19A421CC-1F41-468B-BCC5-9D2D6DF02378}.Release|iPhone.Build.0 = Release|Any CPU
		{19A421CC-1F41-468B-BCC5-9D2D6DF02378}.Release|iPhone.Deploy.0 = Release|Any CPU
		{19A421CC-1F41-468B-BCC5-9D2D6DF02378}.Release|iPhoneSimulator.ActiveCfg = Release|Any CPU
		{19A421CC-1F41-468B-BCC5-9D2D6DF02378}.Release|iPhoneSimulator.Build.0 = Release|Any CPU
		{19A421CC-1F41-468B-BCC5-9D2D6DF02378}.Release|iPhoneSimulator.Deploy.0 = Release|Any CPU
		{19A421CC-1F41-468B-BCC5-9D2D6DF02378}.Release|x64.ActiveCfg = Release|Any CPU
		{19A421CC-1F41-468B-BCC5-9D2D6DF02378}.Release|x64.Build.0 = Release|Any CPU
		{19A421CC-1F41-468B-BCC5-9D2D6DF02378}.Release|x64.Deploy.0 = Release|Any CPU
		{19A421CC-1F41-468B-BCC5-9D2D6DF02378}.Release|x86.ActiveCfg = Release|Any CPU
		{19A421CC-1F41-468B-BCC5-9D2D6DF02378}.Release|x86.Build.0 = Release|Any CPU
		{19A421CC-1F41-468B-BCC5-9D2D6DF02378}.Release|x86.Deploy.0 = Release|Any CPU
	EndGlobalSection
	GlobalSection(SolutionProperties) = preSolution
		HideSolutionNode = FALSE
	EndGlobalSection
	GlobalSection(ExtensibilityGlobals) = postSolution
		SolutionGuid = {70E6302D-DF68-4732-901C-9C876764428D}
	EndGlobalSection
EndGlobal
